// !$*UTF8*$!
{
	archiveVersion = 1;
	classes = {
	};
	objectVersion = 56;
	objects = {

/* Begin PBXBuildFile section */
		5E4804192BDD2EF80014D35E /* SkeletonView in Frameworks */ = {isa = PBXBuildFile; productRef = 5E4804182BDD2EF80014D35E /* SkeletonView */; };
		5E48041B2BDE519A0014D35E /* HelperUtilities.swift in Sources */ = {isa = PBXBuildFile; fileRef = 5E48041A2BDE519A0014D35E /* HelperUtilities.swift */; };
		5E4804222BDE637F0014D35E /* API Calls.swift in Sources */ = {isa = PBXBuildFile; fileRef = 5E4804212BDE637F0014D35E /* API Calls.swift */; };
		5E4804242BDE72D50014D35E /* MovieDetails.swift in Sources */ = {isa = PBXBuildFile; fileRef = 5E4804232BDE72D50014D35E /* MovieDetails.swift */; };
		5E4804272BDE79D50014D35E /* Localizable.strings in Resources */ = {isa = PBXBuildFile; fileRef = 5E4804252BDE79D50014D35E /* Localizable.strings */; };
		5EF275442BD97DF600C43657 /* AppDelegate.swift in Sources */ = {isa = PBXBuildFile; fileRef = 5EF275432BD97DF600C43657 /* AppDelegate.swift */; };
		5EF275462BD97DF600C43657 /* SceneDelegate.swift in Sources */ = {isa = PBXBuildFile; fileRef = 5EF275452BD97DF600C43657 /* SceneDelegate.swift */; };
		5EF275482BD97DF600C43657 /* Main.swift in Sources */ = {isa = PBXBuildFile; fileRef = 5EF275472BD97DF600C43657 /* Main.swift */; };
		5EF2754B2BD97DF600C43657 /* Base in Resources */ = {isa = PBXBuildFile; fileRef = 5EF2754A2BD97DF600C43657 /* Base */; };
		5EF2754D2BD97DF700C43657 /* Assets.xcassets in Resources */ = {isa = PBXBuildFile; fileRef = 5EF2754C2BD97DF700C43657 /* Assets.xcassets */; };
		5EF275502BD97DF700C43657 /* Base in Resources */ = {isa = PBXBuildFile; fileRef = 5EF2754F2BD97DF700C43657 /* Base */; };
		5EF2755B2BD97DF700C43657 /* MovieFlixTests.swift in Sources */ = {isa = PBXBuildFile; fileRef = 5EF2755A2BD97DF700C43657 /* MovieFlixTests.swift */; };
		5EF275652BD97DF700C43657 /* MovieFlixUITests.swift in Sources */ = {isa = PBXBuildFile; fileRef = 5EF275642BD97DF700C43657 /* MovieFlixUITests.swift */; };
		5EF275672BD97DF700C43657 /* MovieFlixUITestsLaunchTests.swift in Sources */ = {isa = PBXBuildFile; fileRef = 5EF275662BD97DF700C43657 /* MovieFlixUITestsLaunchTests.swift */; };
		5EF275752BD9874100C43657 /* MovieCell.xib in Resources */ = {isa = PBXBuildFile; fileRef = 5EF275742BD9874100C43657 /* MovieCell.xib */; };
		5EF275762BD9874100C43657 /* MovieCell.swift in Sources */ = {isa = PBXBuildFile; fileRef = 5EF275732BD9874100C43657 /* MovieCell.swift */; };
		5EF275782BD987C500C43657 /* MovieModel.swift in Sources */ = {isa = PBXBuildFile; fileRef = 5EF275772BD987C500C43657 /* MovieModel.swift */; };
		5EF4EEA12BDBE40E00FF1154 /* MoviesListModel.swift in Sources */ = {isa = PBXBuildFile; fileRef = 5EF4EEA02BDBE40E00FF1154 /* MoviesListModel.swift */; };
		5EF4EEA42BDD0FBF00FF1154 /* Kingfisher in Frameworks */ = {isa = PBXBuildFile; productRef = 5EF4EEA32BDD0FBF00FF1154 /* Kingfisher */; };
/* End PBXBuildFile section */

/* Begin PBXContainerItemProxy section */
		5EF275572BD97DF700C43657 /* PBXContainerItemProxy */ = {
			isa = PBXContainerItemProxy;
			containerPortal = 5EF275382BD97DF500C43657 /* Project object */;
			proxyType = 1;
			remoteGlobalIDString = 5EF2753F2BD97DF600C43657;
			remoteInfo = MovieFlix;
		};
		5EF275612BD97DF700C43657 /* PBXContainerItemProxy */ = {
			isa = PBXContainerItemProxy;
			containerPortal = 5EF275382BD97DF500C43657 /* Project object */;
			proxyType = 1;
			remoteGlobalIDString = 5EF2753F2BD97DF600C43657;
			remoteInfo = MovieFlix;
		};
/* End PBXContainerItemProxy section */

/* Begin PBXFileReference section */
		5E48041A2BDE519A0014D35E /* HelperUtilities.swift */ = {isa = PBXFileReference; lastKnownFileType = sourcecode.swift; path = HelperUtilities.swift; sourceTree = "<group>"; };
		5E4804212BDE637F0014D35E /* API Calls.swift */ = {isa = PBXFileReference; lastKnownFileType = sourcecode.swift; path = "API Calls.swift"; sourceTree = "<group>"; };
		5E4804232BDE72D50014D35E /* MovieDetails.swift */ = {isa = PBXFileReference; lastKnownFileType = sourcecode.swift; path = MovieDetails.swift; sourceTree = "<group>"; };
		5E4804262BDE79D50014D35E /* en */ = {isa = PBXFileReference; lastKnownFileType = text.plist.strings; name = en; path = en.lproj/Localizable.strings; sourceTree = "<group>"; };
		5E4804292BDE7A450014D35E /* el */ = {isa = PBXFileReference; lastKnownFileType = text.plist.strings; name = el; path = el.lproj/Localizable.strings; sourceTree = "<group>"; };
		5EF275402BD97DF600C43657 /* MovieFlix.app */ = {isa = PBXFileReference; explicitFileType = wrapper.application; includeInIndex = 0; path = MovieFlix.app; sourceTree = BUILT_PRODUCTS_DIR; };
		5EF275432BD97DF600C43657 /* AppDelegate.swift */ = {isa = PBXFileReference; lastKnownFileType = sourcecode.swift; path = AppDelegate.swift; sourceTree = "<group>"; };
		5EF275452BD97DF600C43657 /* SceneDelegate.swift */ = {isa = PBXFileReference; lastKnownFileType = sourcecode.swift; path = SceneDelegate.swift; sourceTree = "<group>"; };
		5EF275472BD97DF600C43657 /* Main.swift */ = {isa = PBXFileReference; lastKnownFileType = sourcecode.swift; path = Main.swift; sourceTree = "<group>"; };
		5EF2754A2BD97DF600C43657 /* Base */ = {isa = PBXFileReference; lastKnownFileType = file.storyboard; name = Base; path = Base.lproj/Main.storyboard; sourceTree = "<group>"; };
		5EF2754C2BD97DF700C43657 /* Assets.xcassets */ = {isa = PBXFileReference; lastKnownFileType = folder.assetcatalog; path = Assets.xcassets; sourceTree = "<group>"; };
		5EF2754F2BD97DF700C43657 /* Base */ = {isa = PBXFileReference; lastKnownFileType = file.storyboard; name = Base; path = Base.lproj/LaunchScreen.storyboard; sourceTree = "<group>"; };
		5EF275512BD97DF700C43657 /* Info.plist */ = {isa = PBXFileReference; lastKnownFileType = text.plist.xml; path = Info.plist; sourceTree = "<group>"; };
		5EF275562BD97DF700C43657 /* MovieFlixTests.xctest */ = {isa = PBXFileReference; explicitFileType = wrapper.cfbundle; includeInIndex = 0; path = MovieFlixTests.xctest; sourceTree = BUILT_PRODUCTS_DIR; };
		5EF2755A2BD97DF700C43657 /* MovieFlixTests.swift */ = {isa = PBXFileReference; lastKnownFileType = sourcecode.swift; path = MovieFlixTests.swift; sourceTree = "<group>"; };
		5EF275602BD97DF700C43657 /* MovieFlixUITests.xctest */ = {isa = PBXFileReference; explicitFileType = wrapper.cfbundle; includeInIndex = 0; path = MovieFlixUITests.xctest; sourceTree = BUILT_PRODUCTS_DIR; };
		5EF275642BD97DF700C43657 /* MovieFlixUITests.swift */ = {isa = PBXFileReference; lastKnownFileType = sourcecode.swift; path = MovieFlixUITests.swift; sourceTree = "<group>"; };
		5EF275662BD97DF700C43657 /* MovieFlixUITestsLaunchTests.swift */ = {isa = PBXFileReference; lastKnownFileType = sourcecode.swift; path = MovieFlixUITestsLaunchTests.swift; sourceTree = "<group>"; };
		5EF275732BD9874100C43657 /* MovieCell.swift */ = {isa = PBXFileReference; lastKnownFileType = sourcecode.swift; path = MovieCell.swift; sourceTree = "<group>"; };
		5EF275742BD9874100C43657 /* MovieCell.xib */ = {isa = PBXFileReference; lastKnownFileType = file.xib; path = MovieCell.xib; sourceTree = "<group>"; };
		5EF275772BD987C500C43657 /* MovieModel.swift */ = {isa = PBXFileReference; lastKnownFileType = sourcecode.swift; path = MovieModel.swift; sourceTree = "<group>"; };
		5EF4EEA02BDBE40E00FF1154 /* MoviesListModel.swift */ = {isa = PBXFileReference; lastKnownFileType = sourcecode.swift; path = MoviesListModel.swift; sourceTree = "<group>"; };
/* End PBXFileReference section */

/* Begin PBXFrameworksBuildPhase section */
		5EF2753D2BD97DF600C43657 /* Frameworks */ = {
			isa = PBXFrameworksBuildPhase;
			buildActionMask = 2147483647;
			files = (
				5E4804192BDD2EF80014D35E /* SkeletonView in Frameworks */,
				5EF4EEA42BDD0FBF00FF1154 /* Kingfisher in Frameworks */,
			);
			runOnlyForDeploymentPostprocessing = 0;
		};
		5EF275532BD97DF700C43657 /* Frameworks */ = {
			isa = PBXFrameworksBuildPhase;
			buildActionMask = 2147483647;
			files = (
			);
			runOnlyForDeploymentPostprocessing = 0;
		};
		5EF2755D2BD97DF700C43657 /* Frameworks */ = {
			isa = PBXFrameworksBuildPhase;
			buildActionMask = 2147483647;
			files = (
			);
			runOnlyForDeploymentPostprocessing = 0;
		};
/* End PBXFrameworksBuildPhase section */

/* Begin PBXGroup section */
		5E48041C2BDE532A0014D35E /* View Controllers */ = {
			isa = PBXGroup;
			children = (
				5EF275472BD97DF600C43657 /* Main.swift */,
				5E4804232BDE72D50014D35E /* MovieDetails.swift */,
			);
			path = "View Controllers";
			sourceTree = "<group>";
		};
		5E48041D2BDE53400014D35E /* Cells */ = {
			isa = PBXGroup;
			children = (
				5EF275742BD9874100C43657 /* MovieCell.xib */,
				5EF275732BD9874100C43657 /* MovieCell.swift */,
			);
			path = Cells;
			sourceTree = "<group>";
		};
		5E48041E2BDE53540014D35E /* Utilities */ = {
			isa = PBXGroup;
			children = (
				5E48041A2BDE519A0014D35E /* HelperUtilities.swift */,
				5E4804212BDE637F0014D35E /* API Calls.swift */,
			);
			path = Utilities;
			sourceTree = "<group>";
		};
		5E48041F2BDE536D0014D35E /* Models */ = {
			isa = PBXGroup;
			children = (
				5EF275772BD987C500C43657 /* MovieModel.swift */,
			);
			path = Models;
			sourceTree = "<group>";
		};
		5E4804282BDE79DE0014D35E /* Localization */ = {
			isa = PBXGroup;
			children = (
				5E4804252BDE79D50014D35E /* Localizable.strings */,
			);
			path = Localization;
			sourceTree = "<group>";
		};
		5EF275372BD97DF500C43657 = {
			isa = PBXGroup;
			children = (
				5EF4EEA02BDBE40E00FF1154 /* MoviesListModel.swift */,
				5EF275422BD97DF600C43657 /* MovieFlix */,
				5EF275592BD97DF700C43657 /* MovieFlixTests */,
				5EF275632BD97DF700C43657 /* MovieFlixUITests */,
				5EF275412BD97DF600C43657 /* Products */,
			);
			sourceTree = "<group>";
		};
		5EF275412BD97DF600C43657 /* Products */ = {
			isa = PBXGroup;
			children = (
				5EF275402BD97DF600C43657 /* MovieFlix.app */,
				5EF275562BD97DF700C43657 /* MovieFlixTests.xctest */,
				5EF275602BD97DF700C43657 /* MovieFlixUITests.xctest */,
			);
			name = Products;
			sourceTree = "<group>";
		};
		5EF275422BD97DF600C43657 /* MovieFlix */ = {
			isa = PBXGroup;
			children = (
				5EF275492BD97DF600C43657 /* Main.storyboard */,
				5E48041C2BDE532A0014D35E /* View Controllers */,
				5E48041D2BDE53400014D35E /* Cells */,
				5E48041F2BDE536D0014D35E /* Models */,
				5E48041E2BDE53540014D35E /* Utilities */,
				5E4804282BDE79DE0014D35E /* Localization */,
				5EF275432BD97DF600C43657 /* AppDelegate.swift */,
				5EF275452BD97DF600C43657 /* SceneDelegate.swift */,
				5EF2754C2BD97DF700C43657 /* Assets.xcassets */,
				5EF2754E2BD97DF700C43657 /* LaunchScreen.storyboard */,
				5EF275512BD97DF700C43657 /* Info.plist */,
			);
			path = MovieFlix;
			sourceTree = "<group>";
		};
		5EF275592BD97DF700C43657 /* MovieFlixTests */ = {
			isa = PBXGroup;
			children = (
				5EF2755A2BD97DF700C43657 /* MovieFlixTests.swift */,
			);
			path = MovieFlixTests;
			sourceTree = "<group>";
		};
		5EF275632BD97DF700C43657 /* MovieFlixUITests */ = {
			isa = PBXGroup;
			children = (
				5EF275642BD97DF700C43657 /* MovieFlixUITests.swift */,
				5EF275662BD97DF700C43657 /* MovieFlixUITestsLaunchTests.swift */,
			);
			path = MovieFlixUITests;
			sourceTree = "<group>";
		};
/* End PBXGroup section */

/* Begin PBXNativeTarget section */
		5EF2753F2BD97DF600C43657 /* MovieFlix */ = {
			isa = PBXNativeTarget;
			buildConfigurationList = 5EF2756A2BD97DF700C43657 /* Build configuration list for PBXNativeTarget "MovieFlix" */;
			buildPhases = (
				5EF2753C2BD97DF600C43657 /* Sources */,
				5EF2753D2BD97DF600C43657 /* Frameworks */,
				5EF2753E2BD97DF600C43657 /* Resources */,
			);
			buildRules = (
			);
			dependencies = (
			);
			name = MovieFlix;
			packageProductDependencies = (
				5EF4EEA32BDD0FBF00FF1154 /* Kingfisher */,
				5E4804182BDD2EF80014D35E /* SkeletonView */,
			);
			productName = MovieFlix;
			productReference = 5EF275402BD97DF600C43657 /* MovieFlix.app */;
			productType = "com.apple.product-type.application";
		};
		5EF275552BD97DF700C43657 /* MovieFlixTests */ = {
			isa = PBXNativeTarget;
			buildConfigurationList = 5EF2756D2BD97DF700C43657 /* Build configuration list for PBXNativeTarget "MovieFlixTests" */;
			buildPhases = (
				5EF275522BD97DF700C43657 /* Sources */,
				5EF275532BD97DF700C43657 /* Frameworks */,
				5EF275542BD97DF700C43657 /* Resources */,
			);
			buildRules = (
			);
			dependencies = (
				5EF275582BD97DF700C43657 /* PBXTargetDependency */,
			);
			name = MovieFlixTests;
			productName = MovieFlixTests;
			productReference = 5EF275562BD97DF700C43657 /* MovieFlixTests.xctest */;
			productType = "com.apple.product-type.bundle.unit-test";
		};
		5EF2755F2BD97DF700C43657 /* MovieFlixUITests */ = {
			isa = PBXNativeTarget;
			buildConfigurationList = 5EF275702BD97DF700C43657 /* Build configuration list for PBXNativeTarget "MovieFlixUITests" */;
			buildPhases = (
				5EF2755C2BD97DF700C43657 /* Sources */,
				5EF2755D2BD97DF700C43657 /* Frameworks */,
				5EF2755E2BD97DF700C43657 /* Resources */,
			);
			buildRules = (
			);
			dependencies = (
				5EF275622BD97DF700C43657 /* PBXTargetDependency */,
			);
			name = MovieFlixUITests;
			productName = MovieFlixUITests;
			productReference = 5EF275602BD97DF700C43657 /* MovieFlixUITests.xctest */;
			productType = "com.apple.product-type.bundle.ui-testing";
		};
/* End PBXNativeTarget section */

/* Begin PBXProject section */
		5EF275382BD97DF500C43657 /* Project object */ = {
			isa = PBXProject;
			attributes = {
				BuildIndependentTargetsInParallel = 1;
				LastSwiftUpdateCheck = 1530;
				LastUpgradeCheck = 1530;
				TargetAttributes = {
					5EF2753F2BD97DF600C43657 = {
						CreatedOnToolsVersion = 15.3;
					};
					5EF275552BD97DF700C43657 = {
						CreatedOnToolsVersion = 15.3;
						TestTargetID = 5EF2753F2BD97DF600C43657;
					};
					5EF2755F2BD97DF700C43657 = {
						CreatedOnToolsVersion = 15.3;
						TestTargetID = 5EF2753F2BD97DF600C43657;
					};
				};
			};
			buildConfigurationList = 5EF2753B2BD97DF500C43657 /* Build configuration list for PBXProject "MovieFlix" */;
			compatibilityVersion = "Xcode 14.0";
			developmentRegion = en;
			hasScannedForEncodings = 0;
			knownRegions = (
				en,
				Base,
				el,
			);
			mainGroup = 5EF275372BD97DF500C43657;
			packageReferences = (
				5EF4EEA22BDD0FBF00FF1154 /* XCRemoteSwiftPackageReference "Kingfisher" */,
				5E4804172BDD2EF80014D35E /* XCRemoteSwiftPackageReference "SkeletonView" */,
			);
			productRefGroup = 5EF275412BD97DF600C43657 /* Products */;
			projectDirPath = "";
			projectRoot = "";
			targets = (
				5EF2753F2BD97DF600C43657 /* MovieFlix */,
				5EF275552BD97DF700C43657 /* MovieFlixTests */,
				5EF2755F2BD97DF700C43657 /* MovieFlixUITests */,
			);
		};
/* End PBXProject section */

/* Begin PBXResourcesBuildPhase section */
		5EF2753E2BD97DF600C43657 /* Resources */ = {
			isa = PBXResourcesBuildPhase;
			buildActionMask = 2147483647;
			files = (
				5E4804272BDE79D50014D35E /* Localizable.strings in Resources */,
				5EF2754D2BD97DF700C43657 /* Assets.xcassets in Resources */,
				5EF275502BD97DF700C43657 /* Base in Resources */,
				5EF275752BD9874100C43657 /* MovieCell.xib in Resources */,
				5EF2754B2BD97DF600C43657 /* Base in Resources */,
			);
			runOnlyForDeploymentPostprocessing = 0;
		};
		5EF275542BD97DF700C43657 /* Resources */ = {
			isa = PBXResourcesBuildPhase;
			buildActionMask = 2147483647;
			files = (
			);
			runOnlyForDeploymentPostprocessing = 0;
		};
		5EF2755E2BD97DF700C43657 /* Resources */ = {
			isa = PBXResourcesBuildPhase;
			buildActionMask = 2147483647;
			files = (
			);
			runOnlyForDeploymentPostprocessing = 0;
		};
/* End PBXResourcesBuildPhase section */

/* Begin PBXSourcesBuildPhase section */
		5EF2753C2BD97DF600C43657 /* Sources */ = {
			isa = PBXSourcesBuildPhase;
			buildActionMask = 2147483647;
			files = (
				5EF275482BD97DF600C43657 /* Main.swift in Sources */,
				5E48041B2BDE519A0014D35E /* HelperUtilities.swift in Sources */,
				5EF275442BD97DF600C43657 /* AppDelegate.swift in Sources */,
				5E4804222BDE637F0014D35E /* API Calls.swift in Sources */,
				5EF4EEA12BDBE40E00FF1154 /* MoviesListModel.swift in Sources */,
				5EF275782BD987C500C43657 /* MovieModel.swift in Sources */,
				5EF275762BD9874100C43657 /* MovieCell.swift in Sources */,
				5EF275462BD97DF600C43657 /* SceneDelegate.swift in Sources */,
				5E4804242BDE72D50014D35E /* MovieDetails.swift in Sources */,
			);
			runOnlyForDeploymentPostprocessing = 0;
		};
		5EF275522BD97DF700C43657 /* Sources */ = {
			isa = PBXSourcesBuildPhase;
			buildActionMask = 2147483647;
			files = (
				5EF2755B2BD97DF700C43657 /* MovieFlixTests.swift in Sources */,
			);
			runOnlyForDeploymentPostprocessing = 0;
		};
		5EF2755C2BD97DF700C43657 /* Sources */ = {
			isa = PBXSourcesBuildPhase;
			buildActionMask = 2147483647;
			files = (
				5EF275672BD97DF700C43657 /* MovieFlixUITestsLaunchTests.swift in Sources */,
				5EF275652BD97DF700C43657 /* MovieFlixUITests.swift in Sources */,
			);
			runOnlyForDeploymentPostprocessing = 0;
		};
/* End PBXSourcesBuildPhase section */

/* Begin PBXTargetDependency section */
		5EF275582BD97DF700C43657 /* PBXTargetDependency */ = {
			isa = PBXTargetDependency;
			target = 5EF2753F2BD97DF600C43657 /* MovieFlix */;
			targetProxy = 5EF275572BD97DF700C43657 /* PBXContainerItemProxy */;
		};
		5EF275622BD97DF700C43657 /* PBXTargetDependency */ = {
			isa = PBXTargetDependency;
			target = 5EF2753F2BD97DF600C43657 /* MovieFlix */;
			targetProxy = 5EF275612BD97DF700C43657 /* PBXContainerItemProxy */;
		};
/* End PBXTargetDependency section */

/* Begin PBXVariantGroup section */
		5E4804252BDE79D50014D35E /* Localizable.strings */ = {
			isa = PBXVariantGroup;
			children = (
				5E4804262BDE79D50014D35E /* en */,
				5E4804292BDE7A450014D35E /* el */,
			);
			name = Localizable.strings;
			sourceTree = "<group>";
		};
		5EF275492BD97DF600C43657 /* Main.storyboard */ = {
			isa = PBXVariantGroup;
			children = (
				5EF2754A2BD97DF600C43657 /* Base */,
			);
			name = Main.storyboard;
			sourceTree = "<group>";
		};
		5EF2754E2BD97DF700C43657 /* LaunchScreen.storyboard */ = {
			isa = PBXVariantGroup;
			children = (
				5EF2754F2BD97DF700C43657 /* Base */,
			);
			name = LaunchScreen.storyboard;
			sourceTree = "<group>";
		};
/* End PBXVariantGroup section */

/* Begin XCBuildConfiguration section */
		5EF275682BD97DF700C43657 /* Debug */ = {
			isa = XCBuildConfiguration;
			buildSettings = {
				ALWAYS_SEARCH_USER_PATHS = NO;
				ASSETCATALOG_COMPILER_GENERATE_SWIFT_ASSET_SYMBOL_EXTENSIONS = YES;
				CLANG_ANALYZER_LOCALIZABILITY_NONLOCALIZED = YES;
				CLANG_ANALYZER_NONNULL = YES;
				CLANG_ANALYZER_NUMBER_OBJECT_CONVERSION = YES_AGGRESSIVE;
				CLANG_CXX_LANGUAGE_STANDARD = "gnu++20";
				CLANG_ENABLE_MODULES = YES;
				CLANG_ENABLE_OBJC_ARC = YES;
				CLANG_ENABLE_OBJC_WEAK = YES;
				CLANG_WARN_BLOCK_CAPTURE_AUTORELEASING = YES;
				CLANG_WARN_BOOL_CONVERSION = YES;
				CLANG_WARN_COMMA = YES;
				CLANG_WARN_CONSTANT_CONVERSION = YES;
				CLANG_WARN_DEPRECATED_OBJC_IMPLEMENTATIONS = YES;
				CLANG_WARN_DIRECT_OBJC_ISA_USAGE = YES_ERROR;
				CLANG_WARN_DOCUMENTATION_COMMENTS = YES;
				CLANG_WARN_EMPTY_BODY = YES;
				CLANG_WARN_ENUM_CONVERSION = YES;
				CLANG_WARN_INFINITE_RECURSION = YES;
				CLANG_WARN_INT_CONVERSION = YES;
				CLANG_WARN_NON_LITERAL_NULL_CONVERSION = YES;
				CLANG_WARN_OBJC_IMPLICIT_RETAIN_SELF = YES;
				CLANG_WARN_OBJC_LITERAL_CONVERSION = YES;
				CLANG_WARN_OBJC_ROOT_CLASS = YES_ERROR;
				CLANG_WARN_QUOTED_INCLUDE_IN_FRAMEWORK_HEADER = YES;
				CLANG_WARN_RANGE_LOOP_ANALYSIS = YES;
				CLANG_WARN_STRICT_PROTOTYPES = YES;
				CLANG_WARN_SUSPICIOUS_MOVE = YES;
				CLANG_WARN_UNGUARDED_AVAILABILITY = YES_AGGRESSIVE;
				CLANG_WARN_UNREACHABLE_CODE = YES;
				CLANG_WARN__DUPLICATE_METHOD_MATCH = YES;
				COPY_PHASE_STRIP = NO;
				DEBUG_INFORMATION_FORMAT = dwarf;
				ENABLE_STRICT_OBJC_MSGSEND = YES;
				ENABLE_TESTABILITY = YES;
				ENABLE_USER_SCRIPT_SANDBOXING = YES;
				GCC_C_LANGUAGE_STANDARD = gnu17;
				GCC_DYNAMIC_NO_PIC = NO;
				GCC_NO_COMMON_BLOCKS = YES;
				GCC_OPTIMIZATION_LEVEL = 0;
				GCC_PREPROCESSOR_DEFINITIONS = (
					"DEBUG=1",
					"$(inherited)",
				);
				GCC_WARN_64_TO_32_BIT_CONVERSION = YES;
				GCC_WARN_ABOUT_RETURN_TYPE = YES_ERROR;
				GCC_WARN_UNDECLARED_SELECTOR = YES;
				GCC_WARN_UNINITIALIZED_AUTOS = YES_AGGRESSIVE;
				GCC_WARN_UNUSED_FUNCTION = YES;
				GCC_WARN_UNUSED_VARIABLE = YES;
				IPHONEOS_DEPLOYMENT_TARGET = 17.4;
				LOCALIZATION_PREFERS_STRING_CATALOGS = YES;
				MTL_ENABLE_DEBUG_INFO = INCLUDE_SOURCE;
				MTL_FAST_MATH = YES;
				ONLY_ACTIVE_ARCH = YES;
				SDKROOT = iphoneos;
				SWIFT_ACTIVE_COMPILATION_CONDITIONS = "DEBUG $(inherited)";
				SWIFT_OPTIMIZATION_LEVEL = "-Onone";
			};
			name = Debug;
		};
		5EF275692BD97DF700C43657 /* Release */ = {
			isa = XCBuildConfiguration;
			buildSettings = {
				ALWAYS_SEARCH_USER_PATHS = NO;
				ASSETCATALOG_COMPILER_GENERATE_SWIFT_ASSET_SYMBOL_EXTENSIONS = YES;
				CLANG_ANALYZER_LOCALIZABILITY_NONLOCALIZED = YES;
				CLANG_ANALYZER_NONNULL = YES;
				CLANG_ANALYZER_NUMBER_OBJECT_CONVERSION = YES_AGGRESSIVE;
				CLANG_CXX_LANGUAGE_STANDARD = "gnu++20";
				CLANG_ENABLE_MODULES = YES;
				CLANG_ENABLE_OBJC_ARC = YES;
				CLANG_ENABLE_OBJC_WEAK = YES;
				CLANG_WARN_BLOCK_CAPTURE_AUTORELEASING = YES;
				CLANG_WARN_BOOL_CONVERSION = YES;
				CLANG_WARN_COMMA = YES;
				CLANG_WARN_CONSTANT_CONVERSION = YES;
				CLANG_WARN_DEPRECATED_OBJC_IMPLEMENTATIONS = YES;
				CLANG_WARN_DIRECT_OBJC_ISA_USAGE = YES_ERROR;
				CLANG_WARN_DOCUMENTATION_COMMENTS = YES;
				CLANG_WARN_EMPTY_BODY = YES;
				CLANG_WARN_ENUM_CONVERSION = YES;
				CLANG_WARN_INFINITE_RECURSION = YES;
				CLANG_WARN_INT_CONVERSION = YES;
				CLANG_WARN_NON_LITERAL_NULL_CONVERSION = YES;
				CLANG_WARN_OBJC_IMPLICIT_RETAIN_SELF = YES;
				CLANG_WARN_OBJC_LITERAL_CONVERSION = YES;
				CLANG_WARN_OBJC_ROOT_CLASS = YES_ERROR;
				CLANG_WARN_QUOTED_INCLUDE_IN_FRAMEWORK_HEADER = YES;
				CLANG_WARN_RANGE_LOOP_ANALYSIS = YES;
				CLANG_WARN_STRICT_PROTOTYPES = YES;
				CLANG_WARN_SUSPICIOUS_MOVE = YES;
				CLANG_WARN_UNGUARDED_AVAILABILITY = YES_AGGRESSIVE;
				CLANG_WARN_UNREACHABLE_CODE = YES;
				CLANG_WARN__DUPLICATE_METHOD_MATCH = YES;
				COPY_PHASE_STRIP = NO;
				DEBUG_INFORMATION_FORMAT = "dwarf-with-dsym";
				ENABLE_NS_ASSERTIONS = NO;
				ENABLE_STRICT_OBJC_MSGSEND = YES;
				ENABLE_USER_SCRIPT_SANDBOXING = YES;
				GCC_C_LANGUAGE_STANDARD = gnu17;
				GCC_NO_COMMON_BLOCKS = YES;
				GCC_WARN_64_TO_32_BIT_CONVERSION = YES;
				GCC_WARN_ABOUT_RETURN_TYPE = YES_ERROR;
				GCC_WARN_UNDECLARED_SELECTOR = YES;
				GCC_WARN_UNINITIALIZED_AUTOS = YES_AGGRESSIVE;
				GCC_WARN_UNUSED_FUNCTION = YES;
				GCC_WARN_UNUSED_VARIABLE = YES;
				IPHONEOS_DEPLOYMENT_TARGET = 17.4;
				LOCALIZATION_PREFERS_STRING_CATALOGS = YES;
				MTL_ENABLE_DEBUG_INFO = NO;
				MTL_FAST_MATH = YES;
				SDKROOT = iphoneos;
				SWIFT_COMPILATION_MODE = wholemodule;
				VALIDATE_PRODUCT = YES;
			};
			name = Release;
		};
		5EF2756B2BD97DF700C43657 /* Debug */ = {
			isa = XCBuildConfiguration;
			buildSettings = {
				ASSETCATALOG_COMPILER_APPICON_NAME = AppIcon;
				ASSETCATALOG_COMPILER_GLOBAL_ACCENT_COLOR_NAME = AccentColor;
				CODE_SIGN_STYLE = Automatic;
				CURRENT_PROJECT_VERSION = 1;
				GENERATE_INFOPLIST_FILE = YES;
				INFOPLIST_FILE = MovieFlix/Info.plist;
				INFOPLIST_KEY_CFBundleDisplayName = "MovieFlix - Some Clever Slogan";
				INFOPLIST_KEY_UIApplicationSupportsIndirectInputEvents = YES;
				INFOPLIST_KEY_UILaunchStoryboardName = LaunchScreen;
				INFOPLIST_KEY_UIMainStoryboardFile = Main;
				INFOPLIST_KEY_UISupportedInterfaceOrientations = UIInterfaceOrientationPortrait;
				INFOPLIST_KEY_UISupportedInterfaceOrientations_iPad = "UIInterfaceOrientationLandscapeLeft UIInterfaceOrientationLandscapeRight";
				IPHONEOS_DEPLOYMENT_TARGET = 14.0;
				LD_RUNPATH_SEARCH_PATHS = (
					"$(inherited)",
					"@executable_path/Frameworks",
				);
				MARKETING_VERSION = 1.0;
				PRODUCT_BUNDLE_IDENTIFIER = com.movieflix.MovieFlix;
				PRODUCT_NAME = "$(TARGET_NAME)";
				SUPPORTED_PLATFORMS = "iphoneos iphonesimulator";
				SUPPORTS_MACCATALYST = NO;
				SWIFT_EMIT_LOC_STRINGS = YES;
				SWIFT_VERSION = 5.0;
				TARGETED_DEVICE_FAMILY = 1;
			};
			name = Debug;
		};
		5EF2756C2BD97DF700C43657 /* Release */ = {
			isa = XCBuildConfiguration;
			buildSettings = {
				ASSETCATALOG_COMPILER_APPICON_NAME = AppIcon;
				ASSETCATALOG_COMPILER_GLOBAL_ACCENT_COLOR_NAME = AccentColor;
				CODE_SIGN_STYLE = Automatic;
				CURRENT_PROJECT_VERSION = 1;
				GENERATE_INFOPLIST_FILE = YES;
				INFOPLIST_FILE = MovieFlix/Info.plist;
				INFOPLIST_KEY_CFBundleDisplayName = "MovieFlix - Some Clever Slogan";
				INFOPLIST_KEY_UIApplicationSupportsIndirectInputEvents = YES;
				INFOPLIST_KEY_UILaunchStoryboardName = LaunchScreen;
				INFOPLIST_KEY_UIMainStoryboardFile = Main;
				INFOPLIST_KEY_UISupportedInterfaceOrientations = UIInterfaceOrientationPortrait;
				INFOPLIST_KEY_UISupportedInterfaceOrientations_iPad = "UIInterfaceOrientationLandscapeLeft UIInterfaceOrientationLandscapeRight";
				IPHONEOS_DEPLOYMENT_TARGET = 14.0;
				LD_RUNPATH_SEARCH_PATHS = (
					"$(inherited)",
					"@executable_path/Frameworks",
				);
				MARKETING_VERSION = 1.0;
				PRODUCT_BUNDLE_IDENTIFIER = com.movieflix.MovieFlix;
				PRODUCT_NAME = "$(TARGET_NAME)";
				SUPPORTED_PLATFORMS = "iphoneos iphonesimulator";
				SUPPORTS_MACCATALYST = NO;
				SWIFT_EMIT_LOC_STRINGS = YES;
				SWIFT_VERSION = 5.0;
				TARGETED_DEVICE_FAMILY = 1;
			};
			name = Release;
		};
		5EF2756E2BD97DF700C43657 /* Debug */ = {
			isa = XCBuildConfiguration;
			buildSettings = {
				ALWAYS_EMBED_SWIFT_STANDARD_LIBRARIES = YES;
				BUNDLE_LOADER = "$(TEST_HOST)";
				CODE_SIGN_STYLE = Automatic;
				CURRENT_PROJECT_VERSION = 1;
				GENERATE_INFOPLIST_FILE = YES;
				IPHONEOS_DEPLOYMENT_TARGET = 17.4;
				MARKETING_VERSION = 1.0;
				PRODUCT_BUNDLE_IDENTIFIER = com.movieflix.MovieFlixTests;
				PRODUCT_NAME = "$(TARGET_NAME)";
				SWIFT_EMIT_LOC_STRINGS = NO;
				SWIFT_VERSION = 5.0;
				TARGETED_DEVICE_FAMILY = "1,2";
				TEST_HOST = "$(BUILT_PRODUCTS_DIR)/MovieFlix.app/$(BUNDLE_EXECUTABLE_FOLDER_PATH)/MovieFlix";
			};
			name = Debug;
		};
		5EF2756F2BD97DF700C43657 /* Release */ = {
			isa = XCBuildConfiguration;
			buildSettings = {
				ALWAYS_EMBED_SWIFT_STANDARD_LIBRARIES = YES;
				BUNDLE_LOADER = "$(TEST_HOST)";
				CODE_SIGN_STYLE = Automatic;
				CURRENT_PROJECT_VERSION = 1;
				GENERATE_INFOPLIST_FILE = YES;
				IPHONEOS_DEPLOYMENT_TARGET = 17.4;
				MARKETING_VERSION = 1.0;
				PRODUCT_BUNDLE_IDENTIFIER = com.movieflix.MovieFlixTests;
				PRODUCT_NAME = "$(TARGET_NAME)";
				SWIFT_EMIT_LOC_STRINGS = NO;
				SWIFT_VERSION = 5.0;
				TARGETED_DEVICE_FAMILY = "1,2";
				TEST_HOST = "$(BUILT_PRODUCTS_DIR)/MovieFlix.app/$(BUNDLE_EXECUTABLE_FOLDER_PATH)/MovieFlix";
			};
			name = Release;
		};
		5EF275712BD97DF700C43657 /* Debug */ = {
			isa = XCBuildConfiguration;
			buildSettings = {
				ALWAYS_EMBED_SWIFT_STANDARD_LIBRARIES = YES;
				CODE_SIGN_STYLE = Automatic;
				CURRENT_PROJECT_VERSION = 1;
				GENERATE_INFOPLIST_FILE = YES;
				MARKETING_VERSION = 1.0;
				PRODUCT_BUNDLE_IDENTIFIER = com.movieflix.MovieFlixUITests;
				PRODUCT_NAME = "$(TARGET_NAME)";
				SWIFT_EMIT_LOC_STRINGS = NO;
				SWIFT_VERSION = 5.0;
				TARGETED_DEVICE_FAMILY = "1,2";
				TEST_TARGET_NAME = MovieFlix;
			};
			name = Debug;
		};
		5EF275722BD97DF700C43657 /* Release */ = {
			isa = XCBuildConfiguration;
			buildSettings = {
				ALWAYS_EMBED_SWIFT_STANDARD_LIBRARIES = YES;
				CODE_SIGN_STYLE = Automatic;
				CURRENT_PROJECT_VERSION = 1;
				GENERATE_INFOPLIST_FILE = YES;
				MARKETING_VERSION = 1.0;
				PRODUCT_BUNDLE_IDENTIFIER = com.movieflix.MovieFlixUITests;
				PRODUCT_NAME = "$(TARGET_NAME)";
				SWIFT_EMIT_LOC_STRINGS = NO;
				SWIFT_VERSION = 5.0;
				TARGETED_DEVICE_FAMILY = "1,2";
				TEST_TARGET_NAME = MovieFlix;
			};
			name = Release;
		};
/* End XCBuildConfiguration section */

/* Begin XCConfigurationList section */
		5EF2753B2BD97DF500C43657 /* Build configuration list for PBXProject "MovieFlix" */ = {
			isa = XCConfigurationList;
			buildConfigurations = (
				5EF275682BD97DF700C43657 /* Debug */,
				5EF275692BD97DF700C43657 /* Release */,
			);
			defaultConfigurationIsVisible = 0;
			defaultConfigurationName = Release;
		};
		5EF2756A2BD97DF700C43657 /* Build configuration list for PBXNativeTarget "MovieFlix" */ = {
			isa = XCConfigurationList;
			buildConfigurations = (
				5EF2756B2BD97DF700C43657 /* Debug */,
				5EF2756C2BD97DF700C43657 /* Release */,
			);
			defaultConfigurationIsVisible = 0;
			defaultConfigurationName = Release;
		};
		5EF2756D2BD97DF700C43657 /* Build configuration list for PBXNativeTarget "MovieFlixTests" */ = {
			isa = XCConfigurationList;
			buildConfigurations = (
				5EF2756E2BD97DF700C43657 /* Debug */,
				5EF2756F2BD97DF700C43657 /* Release */,
			);
			defaultConfigurationIsVisible = 0;
			defaultConfigurationName = Release;
		};
		5EF275702BD97DF700C43657 /* Build configuration list for PBXNativeTarget "MovieFlixUITests" */ = {
			isa = XCConfigurationList;
			buildConfigurations = (
				5EF275712BD97DF700C43657 /* Debug */,
				5EF275722BD97DF700C43657 /* Release */,
			);
			defaultConfigurationIsVisible = 0;
			defaultConfigurationName = Release;
		};
/* End XCConfigurationList section */

/* Begin XCRemoteSwiftPackageReference section */
		5E4804172BDD2EF80014D35E /* XCRemoteSwiftPackageReference "SkeletonView" */ = {
			isa = XCRemoteSwiftPackageReference;
			repositoryURL = "https://github.com/Juanpe/SkeletonView.git";
			requirement = {
				kind = upToNextMajorVersion;
				minimumVersion = 1.31.0;
			};
		};
		5EF4EEA22BDD0FBF00FF1154 /* XCRemoteSwiftPackageReference "Kingfisher" */ = {
			isa = XCRemoteSwiftPackageReference;
			repositoryURL = "https://github.com/onevcat/Kingfisher.git";
			requirement = {
				kind = upToNextMajorVersion;
				minimumVersion = 7.11.0;
			};
		};
/* End XCRemoteSwiftPackageReference section */

/* Begin XCSwiftPackageProductDependency section */
		5E4804182BDD2EF80014D35E /* SkeletonView */ = {
			isa = XCSwiftPackageProductDependency;
			package = 5E4804172BDD2EF80014D35E /* XCRemoteSwiftPackageReference "SkeletonView" */;
			productName = SkeletonView;
		};
		5EF4EEA32BDD0FBF00FF1154 /* Kingfisher */ = {
			isa = XCSwiftPackageProductDependency;
			package = 5EF4EEA22BDD0FBF00FF1154 /* XCRemoteSwiftPackageReference "Kingfisher" */;
			productName = Kingfisher;
		};
/* End XCSwiftPackageProductDependency section */
	};
	rootObject = 5EF275382BD97DF500C43657 /* Project object */;
}
